
Microsoft Visual Studio Solution File, Format Version 12.00
# Visual Studio 14
VisualStudioVersion = 14.0.25420.1
MinimumVisualStudioVersion = 10.0.40219.1
Project("{8BC9CEB8-8B4A-11D0-8D11-00A0C91BC942}") = "01_array", "ConsoleApplication1\ConsoleApplication1.vcxproj", "{6618AC8A-EE4B-451D-8A96-A197A2603265}"
EndProject
Project("{8BC9CEB8-8B4A-11D0-8D11-00A0C91BC942}") = "02_pointer", "pointer\pointer.vcxproj", "{CCF7ED9F-8099-4DA9-A185-87E0A6FB3896}"
EndProject
Project("{8BC9CEB8-8B4A-11D0-8D11-00A0C91BC942}") = "03_vector", "vector\vector.vcxproj", "{3B4A5061-C8C5-44A7-9CB7-F770883F260B}"
EndProject
Project("{8BC9CEB8-8B4A-11D0-8D11-00A0C91BC942}") = "90_Project_MyPrincess", "Project_MyPrincess\Project_MyPrincess.vcxproj", "{E843100B-0AC3-4E04-BAE0-3B3F2C5EC49F}"
EndProject
Project("{8BC9CEB8-8B4A-11D0-8D11-00A0C91BC942}") = "04_function", "function\function.vcxproj", "{89F81490-6A66-4EC5-BBB8-97A757419A77}"
EndProject
Global
	GlobalSection(SolutionConfigurationPlatforms) = preSolution
		Debug|x64 = Debug|x64
		Debug|x86 = Debug|x86
		Release|x64 = Release|x64
		Release|x86 = Release|x86
	EndGlobalSection
	GlobalSection(ProjectConfigurationPlatforms) = postSolution
		{6618AC8A-EE4B-451D-8A96-A197A2603265}.Debug|x64.ActiveCfg = Debug|x64
		{6618AC8A-EE4B-451D-8A96-A197A2603265}.Debug|x64.Build.0 = Debug|x64
		{6618AC8A-EE4B-451D-8A96-A197A2603265}.Debug|x86.ActiveCfg = Debug|Win32
		{6618AC8A-EE4B-451D-8A96-A197A2603265}.Debug|x86.Build.0 = Debug|Win32
		{6618AC8A-EE4B-451D-8A96-A197A2603265}.Release|x64.ActiveCfg = Release|x64
		{6618AC8A-EE4B-451D-8A96-A197A2603265}.Release|x64.Build.0 = Release|x64
		{6618AC8A-EE4B-451D-8A96-A197A2603265}.Release|x86.ActiveCfg = Release|Win32
		{6618AC8A-EE4B-451D-8A96-A197A2603265}.Release|x86.Build.0 = Release|Win32
		{CCF7ED9F-8099-4DA9-A185-87E0A6FB3896}.Debug|x64.ActiveCfg = Debug|x64
		{CCF7ED9F-8099-4DA9-A185-87E0A6FB3896}.Debug|x64.Build.0 = Debug|x64
		{CCF7ED9F-8099-4DA9-A185-87E0A6FB3896}.Debug|x86.ActiveCfg = Debug|Win32
		{CCF7ED9F-8099-4DA9-A185-87E0A6FB3896}.Debug|x86.Build.0 = Debug|Win32
		{CCF7ED9F-8099-4DA9-A185-87E0A6FB3896}.Release|x64.ActiveCfg = Release|x64
		{CCF7ED9F-8099-4DA9-A185-87E0A6FB3896}.Release|x64.Build.0 = Release|x64
		{CCF7ED9F-8099-4DA9-A185-87E0A6FB3896}.Release|x86.ActiveCfg = Release|Win32
		{CCF7ED9F-8099-4DA9-A185-87E0A6FB3896}.Release|x86.Build.0 = Release|Win32
		{3B4A5061-C8C5-44A7-9CB7-F770883F260B}.Debug|x64.ActiveCfg = Debug|x64
		{3B4A5061-C8C5-44A7-9CB7-F770883F260B}.Debug|x64.Build.0 = Debug|x64
		{3B4A5061-C8C5-44A7-9CB7-F770883F260B}.Debug|x86.ActiveCfg = Debug|Win32
		{3B4A5061-C8C5-44A7-9CB7-F770883F260B}.Debug|x86.Build.0 = Debug|Win32
		{3B4A5061-C8C5-44A7-9CB7-F770883F260B}.Release|x64.ActiveCfg = Release|x64
		{3B4A5061-C8C5-44A7-9CB7-F770883F260B}.Release|x64.Build.0 = Release|x64
		{3B4A5061-C8C5-44A7-9CB7-F770883F260B}.Release|x86.ActiveCfg = Release|Win32
		{3B4A5061-C8C5-44A7-9CB7-F770883F260B}.Release|x86.Build.0 = Release|Win32
		{E843100B-0AC3-4E04-BAE0-3B3F2C5EC49F}.Debug|x64.ActiveCfg = Debug|x64
		{E843100B-0AC3-4E04-BAE0-3B3F2C5EC49F}.Debug|x64.Build.0 = Debug|x64
		{E843100B-0AC3-4E04-BAE0-3B3F2C5EC49F}.Debug|x86.ActiveCfg = Debug|Win32
		{E843100B-0AC3-4E04-BAE0-3B3F2C5EC49F}.Debug|x86.Build.0 = Debug|Win32
		{E843100B-0AC3-4E04-BAE0-3B3F2C5EC49F}.Release|x64.ActiveCfg = Release|x64
		{E843100B-0AC3-4E04-BAE0-3B3F2C5EC49F}.Release|x64.Build.0 = Release|x64
		{E843100B-0AC3-4E04-BAE0-3B3F2C5EC49F}.Release|x86.ActiveCfg = Release|Win32
		{E843100B-0AC3-4E04-BAE0-3B3F2C5EC49F}.Release|x86.Build.0 = Release|Win32
		{89F81490-6A66-4EC5-BBB8-97A757419A77}.Debug|x64.ActiveCfg = Debug|x64
		{89F81490-6A66-4EC5-BBB8-97A757419A77}.Debug|x64.Build.0 = Debug|x64
		{89F81490-6A66-4EC5-BBB8-97A757419A77}.Debug|x86.ActiveCfg = Debug|Win32
		{89F81490-6A66-4EC5-BBB8-97A757419A77}.Debug|x86.Build.0 = Debug|Win32
		{89F81490-6A66-4EC5-BBB8-97A757419A77}.Release|x64.ActiveCfg = Release|x64
		{89F81490-6A66-4EC5-BBB8-97A757419A77}.Release|x64.Build.0 = Release|x64
		{89F81490-6A66-4EC5-BBB8-97A757419A77}.Release|x86.ActiveCfg = Release|Win32
		{89F81490-6A66-4EC5-BBB8-97A757419A77}.Release|x86.Build.0 = Release|Win32
	EndGlobalSection
	GlobalSection(SolutionProperties) = preSolution
		HideSolutionNode = FALSE
	EndGlobalSection
EndGlobal
